
Microsoft Visual Studio Solution File, Format Version 12.00
# Visual Studio Version 17
Project("{8BC9CEB8-8B4A-11D0-8D11-00A0C91BC942}") = "ALL_BUILD", "ALL_BUILD.vcxproj", "{1D8E4B57-8A9A-3E9B-B5C2-880EE10D19AF}"
	ProjectSection(ProjectDependencies) = postProject
		{1B414F6E-3366-3CF4-8D2C-172B853F99DC} = {1B414F6E-3366-3CF4-8D2C-172B853F99DC}
		{15260995-6436-30A4-B0C1-7CA78405B0D6} = {15260995-6436-30A4-B0C1-7CA78405B0D6}
		{3FF1A24B-4BA6-3521-90BC-C412224CB526} = {3FF1A24B-4BA6-3521-90BC-C412224CB526}
		{68D4B5D0-B475-3AD5-85C0-84B78F8EE30D} = {68D4B5D0-B475-3AD5-85C0-84B78F8EE30D}
		{D106D85B-C507-38D2-A6B0-B67FB3474293} = {D106D85B-C507-38D2-A6B0-B67FB3474293}
		{3D68628D-FEAF-3F0A-A594-439C70182850} = {3D68628D-FEAF-3F0A-A594-439C70182850}
		{3B518750-B83E-3C9D-A089-150561CC23FC} = {3B518750-B83E-3C9D-A089-150561CC23FC}
	EndProjectSection
EndProject
Project("{8BC9CEB8-8B4A-11D0-8D11-00A0C91BC942}") = "INSTALL", "INSTALL.vcxproj", "{5DD2E0C3-67C2-35EA-B88B-EC5B0C50935E}"
	ProjectSection(ProjectDependencies) = postProject
		{1D8E4B57-8A9A-3E9B-B5C2-880EE10D19AF} = {1D8E4B57-8A9A-3E9B-B5C2-880EE10D19AF}
		{1B414F6E-3366-3CF4-8D2C-172B853F99DC} = {1B414F6E-3366-3CF4-8D2C-172B853F99DC}
	EndProjectSection
EndProject
Project("{8BC9CEB8-8B4A-11D0-8D11-00A0C91BC942}") = "RUN_TESTS", "RUN_TESTS.vcxproj", "{95261248-908F-3CAC-8D64-A2A6C73DD4CC}"
	ProjectSection(ProjectDependencies) = postProject
		{1B414F6E-3366-3CF4-8D2C-172B853F99DC} = {1B414F6E-3366-3CF4-8D2C-172B853F99DC}
	EndProjectSection
EndProject
Project("{8BC9CEB8-8B4A-11D0-8D11-00A0C91BC942}") = "ZERO_CHECK", "ZERO_CHECK.vcxproj", "{1B414F6E-3366-3CF4-8D2C-172B853F99DC}"
	ProjectSection(ProjectDependencies) = postProject
	EndProjectSection
EndProject
Project("{8BC9CEB8-8B4A-11D0-8D11-00A0C91BC942}") = "gmock", "_deps\googletest-build\googlemock\gmock.vcxproj", "{15260995-6436-30A4-B0C1-7CA78405B0D6}"
	ProjectSection(ProjectDependencies) = postProject
		{1B414F6E-3366-3CF4-8D2C-172B853F99DC} = {1B414F6E-3366-3CF4-8D2C-172B853F99DC}
	EndProjectSection
EndProject
Project("{8BC9CEB8-8B4A-11D0-8D11-00A0C91BC942}") = "gmock_main", "_deps\googletest-build\googlemock\gmock_main.vcxproj", "{3FF1A24B-4BA6-3521-90BC-C412224CB526}"
	ProjectSection(ProjectDependencies) = postProject
		{1B414F6E-3366-3CF4-8D2C-172B853F99DC} = {1B414F6E-3366-3CF4-8D2C-172B853F99DC}
	EndProjectSection
EndProject
Project("{8BC9CEB8-8B4A-11D0-8D11-00A0C91BC942}") = "gtest", "_deps\googletest-build\googletest\gtest.vcxproj", "{68D4B5D0-B475-3AD5-85C0-84B78F8EE30D}"
	ProjectSection(ProjectDependencies) = postProject
		{1B414F6E-3366-3CF4-8D2C-172B853F99DC} = {1B414F6E-3366-3CF4-8D2C-172B853F99DC}
	EndProjectSection
EndProject
Project("{8BC9CEB8-8B4A-11D0-8D11-00A0C91BC942}") = "gtest_main", "_deps\googletest-build\googletest\gtest_main.vcxproj", "{D106D85B-C507-38D2-A6B0-B67FB3474293}"
	ProjectSection(ProjectDependencies) = postProject
		{1B414F6E-3366-3CF4-8D2C-172B853F99DC} = {1B414F6E-3366-3CF4-8D2C-172B853F99DC}
		{68D4B5D0-B475-3AD5-85C0-84B78F8EE30D} = {68D4B5D0-B475-3AD5-85C0-84B78F8EE30D}
	EndProjectSection
EndProject
Project("{8BC9CEB8-8B4A-11D0-8D11-00A0C91BC942}") = "option_pricer", "option_pricer.vcxproj", "{3D68628D-FEAF-3F0A-A594-439C70182850}"
	ProjectSection(ProjectDependencies) = postProject
		{1B414F6E-3366-3CF4-8D2C-172B853F99DC} = {1B414F6E-3366-3CF4-8D2C-172B853F99DC}
	EndProjectSection
EndProject
Project("{8BC9CEB8-8B4A-11D0-8D11-00A0C91BC942}") = "option_pricer_tests", "option_pricer_tests.vcxproj", "{3B518750-B83E-3C9D-A089-150561CC23FC}"
	ProjectSection(ProjectDependencies) = postProject
		{1B414F6E-3366-3CF4-8D2C-172B853F99DC} = {1B414F6E-3366-3CF4-8D2C-172B853F99DC}
		{68D4B5D0-B475-3AD5-85C0-84B78F8EE30D} = {68D4B5D0-B475-3AD5-85C0-84B78F8EE30D}
		{D106D85B-C507-38D2-A6B0-B67FB3474293} = {D106D85B-C507-38D2-A6B0-B67FB3474293}
	EndProjectSection
EndProject
Global
	GlobalSection(SolutionConfigurationPlatforms) = preSolution
		Debug|x64 = Debug|x64
		Release|x64 = Release|x64
		MinSizeRel|x64 = MinSizeRel|x64
		RelWithDebInfo|x64 = RelWithDebInfo|x64
	EndGlobalSection
	GlobalSection(ProjectConfigurationPlatforms) = postSolution
		{1D8E4B57-8A9A-3E9B-B5C2-880EE10D19AF}.Debug|x64.ActiveCfg = Debug|x64
		{1D8E4B57-8A9A-3E9B-B5C2-880EE10D19AF}.Debug|x64.Build.0 = Debug|x64
		{1D8E4B57-8A9A-3E9B-B5C2-880EE10D19AF}.Release|x64.ActiveCfg = Release|x64
		{1D8E4B57-8A9A-3E9B-B5C2-880EE10D19AF}.Release|x64.Build.0 = Release|x64
		{1D8E4B57-8A9A-3E9B-B5C2-880EE10D19AF}.MinSizeRel|x64.ActiveCfg = MinSizeRel|x64
		{1D8E4B57-8A9A-3E9B-B5C2-880EE10D19AF}.MinSizeRel|x64.Build.0 = MinSizeRel|x64
		{1D8E4B57-8A9A-3E9B-B5C2-880EE10D19AF}.RelWithDebInfo|x64.ActiveCfg = RelWithDebInfo|x64
		{1D8E4B57-8A9A-3E9B-B5C2-880EE10D19AF}.RelWithDebInfo|x64.Build.0 = RelWithDebInfo|x64
		{5DD2E0C3-67C2-35EA-B88B-EC5B0C50935E}.Debug|x64.ActiveCfg = Debug|x64
		{5DD2E0C3-67C2-35EA-B88B-EC5B0C50935E}.Release|x64.ActiveCfg = Release|x64
		{5DD2E0C3-67C2-35EA-B88B-EC5B0C50935E}.MinSizeRel|x64.ActiveCfg = MinSizeRel|x64
		{5DD2E0C3-67C2-35EA-B88B-EC5B0C50935E}.RelWithDebInfo|x64.ActiveCfg = RelWithDebInfo|x64
		{95261248-908F-3CAC-8D64-A2A6C73DD4CC}.Debug|x64.ActiveCfg = Debug|x64
		{95261248-908F-3CAC-8D64-A2A6C73DD4CC}.Release|x64.ActiveCfg = Release|x64
		{95261248-908F-3CAC-8D64-A2A6C73DD4CC}.MinSizeRel|x64.ActiveCfg = MinSizeRel|x64
		{95261248-908F-3CAC-8D64-A2A6C73DD4CC}.RelWithDebInfo|x64.ActiveCfg = RelWithDebInfo|x64
		{1B414F6E-3366-3CF4-8D2C-172B853F99DC}.Debug|x64.ActiveCfg = Debug|x64
		{1B414F6E-3366-3CF4-8D2C-172B853F99DC}.Debug|x64.Build.0 = Debug|x64
		{1B414F6E-3366-3CF4-8D2C-172B853F99DC}.Release|x64.ActiveCfg = Release|x64
		{1B414F6E-3366-3CF4-8D2C-172B853F99DC}.Release|x64.Build.0 = Release|x64
		{1B414F6E-3366-3CF4-8D2C-172B853F99DC}.MinSizeRel|x64.ActiveCfg = MinSizeRel|x64
		{1B414F6E-3366-3CF4-8D2C-172B853F99DC}.MinSizeRel|x64.Build.0 = MinSizeRel|x64
		{1B414F6E-3366-3CF4-8D2C-172B853F99DC}.RelWithDebInfo|x64.ActiveCfg = RelWithDebInfo|x64
		{1B414F6E-3366-3CF4-8D2C-172B853F99DC}.RelWithDebInfo|x64.Build.0 = RelWithDebInfo|x64
		{15260995-6436-30A4-B0C1-7CA78405B0D6}.Debug|x64.ActiveCfg = Debug|x64
		{15260995-6436-30A4-B0C1-7CA78405B0D6}.Debug|x64.Build.0 = Debug|x64
		{15260995-6436-30A4-B0C1-7CA78405B0D6}.Release|x64.ActiveCfg = Release|x64
		{15260995-6436-30A4-B0C1-7CA78405B0D6}.Release|x64.Build.0 = Release|x64
		{15260995-6436-30A4-B0C1-7CA78405B0D6}.MinSizeRel|x64.ActiveCfg = MinSizeRel|x64
		{15260995-6436-30A4-B0C1-7CA78405B0D6}.MinSizeRel|x64.Build.0 = MinSizeRel|x64
		{15260995-6436-30A4-B0C1-7CA78405B0D6}.RelWithDebInfo|x64.ActiveCfg = RelWithDebInfo|x64
		{15260995-6436-30A4-B0C1-7CA78405B0D6}.RelWithDebInfo|x64.Build.0 = RelWithDebInfo|x64
		{3FF1A24B-4BA6-3521-90BC-C412224CB526}.Debug|x64.ActiveCfg = Debug|x64
		{3FF1A24B-4BA6-3521-90BC-C412224CB526}.Debug|x64.Build.0 = Debug|x64
		{3FF1A24B-4BA6-3521-90BC-C412224CB526}.Release|x64.ActiveCfg = Release|x64
		{3FF1A24B-4BA6-3521-90BC-C412224CB526}.Release|x64.Build.0 = Release|x64
		{3FF1A24B-4BA6-3521-90BC-C412224CB526}.MinSizeRel|x64.ActiveCfg = MinSizeRel|x64
		{3FF1A24B-4BA6-3521-90BC-C412224CB526}.MinSizeRel|x64.Build.0 = MinSizeRel|x64
		{3FF1A24B-4BA6-3521-90BC-C412224CB526}.RelWithDebInfo|x64.ActiveCfg = RelWithDebInfo|x64
		{3FF1A24B-4BA6-3521-90BC-C412224CB526}.RelWithDebInfo|x64.Build.0 = RelWithDebInfo|x64
		{68D4B5D0-B475-3AD5-85C0-84B78F8EE30D}.Debug|x64.ActiveCfg = Debug|x64
		{68D4B5D0-B475-3AD5-85C0-84B78F8EE30D}.Debug|x64.Build.0 = Debug|x64
		{68D4B5D0-B475-3AD5-85C0-84B78F8EE30D}.Release|x64.ActiveCfg = Release|x64
		{68D4B5D0-B475-3AD5-85C0-84B78F8EE30D}.Release|x64.Build.0 = Release|x64
		{68D4B5D0-B475-3AD5-85C0-84B78F8EE30D}.MinSizeRel|x64.ActiveCfg = MinSizeRel|x64
		{68D4B5D0-B475-3AD5-85C0-84B78F8EE30D}.MinSizeRel|x64.Build.0 = MinSizeRel|x64
		{68D4B5D0-B475-3AD5-85C0-84B78F8EE30D}.RelWithDebInfo|x64.ActiveCfg = RelWithDebInfo|x64
		{68D4B5D0-B475-3AD5-85C0-84B78F8EE30D}.RelWithDebInfo|x64.Build.0 = RelWithDebInfo|x64
		{D106D85B-C507-38D2-A6B0-B67FB3474293}.Debug|x64.ActiveCfg = Debug|x64
		{D106D85B-C507-38D2-A6B0-B67FB3474293}.Debug|x64.Build.0 = Debug|x64
		{D106D85B-C507-38D2-A6B0-B67FB3474293}.Release|x64.ActiveCfg = Release|x64
		{D106D85B-C507-38D2-A6B0-B67FB3474293}.Release|x64.Build.0 = Release|x64
		{D106D85B-C507-38D2-A6B0-B67FB3474293}.MinSizeRel|x64.ActiveCfg = MinSizeRel|x64
		{D106D85B-C507-38D2-A6B0-B67FB3474293}.MinSizeRel|x64.Build.0 = MinSizeRel|x64
		{D106D85B-C507-38D2-A6B0-B67FB3474293}.RelWithDebInfo|x64.ActiveCfg = RelWithDebInfo|x64
		{D106D85B-C507-38D2-A6B0-B67FB3474293}.RelWithDebInfo|x64.Build.0 = RelWithDebInfo|x64
		{3D68628D-FEAF-3F0A-A594-439C70182850}.Debug|x64.ActiveCfg = Debug|x64
		{3D68628D-FEAF-3F0A-A594-439C70182850}.Debug|x64.Build.0 = Debug|x64
		{3D68628D-FEAF-3F0A-A594-439C70182850}.Release|x64.ActiveCfg = Release|x64
		{3D68628D-FEAF-3F0A-A594-439C70182850}.Release|x64.Build.0 = Release|x64
		{3D68628D-FEAF-3F0A-A594-439C70182850}.MinSizeRel|x64.ActiveCfg = MinSizeRel|x64
		{3D68628D-FEAF-3F0A-A594-439C70182850}.MinSizeRel|x64.Build.0 = MinSizeRel|x64
		{3D68628D-FEAF-3F0A-A594-439C70182850}.RelWithDebInfo|x64.ActiveCfg = RelWithDebInfo|x64
		{3D68628D-FEAF-3F0A-A594-439C70182850}.RelWithDebInfo|x64.Build.0 = RelWithDebInfo|x64
		{3B518750-B83E-3C9D-A089-150561CC23FC}.Debug|x64.ActiveCfg = Debug|x64
		{3B518750-B83E-3C9D-A089-150561CC23FC}.Debug|x64.Build.0 = Debug|x64
		{3B518750-B83E-3C9D-A089-150561CC23FC}.Release|x64.ActiveCfg = Release|x64
		{3B518750-B83E-3C9D-A089-150561CC23FC}.Release|x64.Build.0 = Release|x64
		{3B518750-B83E-3C9D-A089-150561CC23FC}.MinSizeRel|x64.ActiveCfg = MinSizeRel|x64
		{3B518750-B83E-3C9D-A089-150561CC23FC}.MinSizeRel|x64.Build.0 = MinSizeRel|x64
		{3B518750-B83E-3C9D-A089-150561CC23FC}.RelWithDebInfo|x64.ActiveCfg = RelWithDebInfo|x64
		{3B518750-B83E-3C9D-A089-150561CC23FC}.RelWithDebInfo|x64.Build.0 = RelWithDebInfo|x64
	EndGlobalSection
	GlobalSection(ExtensibilityGlobals) = postSolution
		SolutionGuid = {3473C447-A66E-3A6C-86C6-D92224D480E1}
	EndGlobalSection
	GlobalSection(ExtensibilityAddIns) = postSolution
	EndGlobalSection
EndGlobal
