<?xml version="1.0" encoding="utf-8"?>
<Project ToolsVersion="17.0" xmlns="http://schemas.microsoft.com/developer/msbuild/2003">
  <ItemGroup>
    <CustomBuild Include="C:\Users\xhs20\Desktop\code\c++\Option_pricing\build6\CMakeFiles\a117dcc312bd4707d0f5c1c08939a578\generate.stamp.rule">
      <Filter>CMake Rules</Filter>
    </CustomBuild>
  </ItemGroup>
  <ItemGroup>
    <Filter Include="CMake Rules">
      <UniqueIdentifier>{D188D8F3-2132-3C2B-A5CC-A2C5E7A4FB7D}</UniqueIdentifier>
    </Filter>
  </ItemGroup>
</Project>
