
Microsoft Visual Studio Solution File, Format Version 12.00
# Visual Studio Version 17
Project("{8BC9CEB8-8B4A-11D0-8D11-00A0C91BC942}") = "ALL_BUILD", "ALL_BUILD.vcxproj", "{2F3179C8-833A-39C2-8C01-B54C68DE2D25}"
	ProjectSection(ProjectDependencies) = postProject
		{FEC3C7F3-D7D7-38B6-9F52-D476A8394EB9} = {FEC3C7F3-D7D7-38B6-9F52-D476A8394EB9}
		{3757A26E-AFD1-3E1E-A43A-567994E09F96} = {3757A26E-AFD1-3E1E-A43A-567994E09F96}
		{07BF4BF2-0C0F-3FF1-B939-82F068CA3C98} = {07BF4BF2-0C0F-3FF1-B939-82F068CA3C98}
		{9168B598-B66F-3C52-A24E-FB6C13456C73} = {9168B598-B66F-3C52-A24E-FB6C13456C73}
		{93B6DC01-47B2-30DA-A45B-BCF11E7E5BAF} = {93B6DC01-47B2-30DA-A45B-BCF11E7E5BAF}
		{7628FD04-011D-36E6-B6E6-54C8E8F788C3} = {7628FD04-011D-36E6-B6E6-54C8E8F788C3}
		{0CF94166-7A5F-3ED7-A996-F841C313A02E} = {0CF94166-7A5F-3ED7-A996-F841C313A02E}
	EndProjectSection
EndProject
Project("{8BC9CEB8-8B4A-11D0-8D11-00A0C91BC942}") = "INSTALL", "INSTALL.vcxproj", "{44494D91-042F-3514-8C63-4F703040D457}"
	ProjectSection(ProjectDependencies) = postProject
		{2F3179C8-833A-39C2-8C01-B54C68DE2D25} = {2F3179C8-833A-39C2-8C01-B54C68DE2D25}
		{FEC3C7F3-D7D7-38B6-9F52-D476A8394EB9} = {FEC3C7F3-D7D7-38B6-9F52-D476A8394EB9}
	EndProjectSection
EndProject
Project("{8BC9CEB8-8B4A-11D0-8D11-00A0C91BC942}") = "RUN_TESTS", "RUN_TESTS.vcxproj", "{92FD4DD1-DE8D-3974-B6F3-F35CDC8CE44E}"
	ProjectSection(ProjectDependencies) = postProject
		{FEC3C7F3-D7D7-38B6-9F52-D476A8394EB9} = {FEC3C7F3-D7D7-38B6-9F52-D476A8394EB9}
	EndProjectSection
EndProject
Project("{8BC9CEB8-8B4A-11D0-8D11-00A0C91BC942}") = "ZERO_CHECK", "ZERO_CHECK.vcxproj", "{FEC3C7F3-D7D7-38B6-9F52-D476A8394EB9}"
	ProjectSection(ProjectDependencies) = postProject
	EndProjectSection
EndProject
Project("{8BC9CEB8-8B4A-11D0-8D11-00A0C91BC942}") = "gmock", "_deps\googletest-build\googlemock\gmock.vcxproj", "{3757A26E-AFD1-3E1E-A43A-567994E09F96}"
	ProjectSection(ProjectDependencies) = postProject
		{FEC3C7F3-D7D7-38B6-9F52-D476A8394EB9} = {FEC3C7F3-D7D7-38B6-9F52-D476A8394EB9}
	EndProjectSection
EndProject
Project("{8BC9CEB8-8B4A-11D0-8D11-00A0C91BC942}") = "gmock_main", "_deps\googletest-build\googlemock\gmock_main.vcxproj", "{07BF4BF2-0C0F-3FF1-B939-82F068CA3C98}"
	ProjectSection(ProjectDependencies) = postProject
		{FEC3C7F3-D7D7-38B6-9F52-D476A8394EB9} = {FEC3C7F3-D7D7-38B6-9F52-D476A8394EB9}
	EndProjectSection
EndProject
Project("{8BC9CEB8-8B4A-11D0-8D11-00A0C91BC942}") = "gtest", "_deps\googletest-build\googletest\gtest.vcxproj", "{9168B598-B66F-3C52-A24E-FB6C13456C73}"
	ProjectSection(ProjectDependencies) = postProject
		{FEC3C7F3-D7D7-38B6-9F52-D476A8394EB9} = {FEC3C7F3-D7D7-38B6-9F52-D476A8394EB9}
	EndProjectSection
EndProject
Project("{8BC9CEB8-8B4A-11D0-8D11-00A0C91BC942}") = "gtest_main", "_deps\googletest-build\googletest\gtest_main.vcxproj", "{93B6DC01-47B2-30DA-A45B-BCF11E7E5BAF}"
	ProjectSection(ProjectDependencies) = postProject
		{FEC3C7F3-D7D7-38B6-9F52-D476A8394EB9} = {FEC3C7F3-D7D7-38B6-9F52-D476A8394EB9}
		{9168B598-B66F-3C52-A24E-FB6C13456C73} = {9168B598-B66F-3C52-A24E-FB6C13456C73}
	EndProjectSection
EndProject
Project("{8BC9CEB8-8B4A-11D0-8D11-00A0C91BC942}") = "option_pricer", "option_pricer.vcxproj", "{7628FD04-011D-36E6-B6E6-54C8E8F788C3}"
	ProjectSection(ProjectDependencies) = postProject
		{FEC3C7F3-D7D7-38B6-9F52-D476A8394EB9} = {FEC3C7F3-D7D7-38B6-9F52-D476A8394EB9}
	EndProjectSection
EndProject
Project("{8BC9CEB8-8B4A-11D0-8D11-00A0C91BC942}") = "option_pricer_tests", "option_pricer_tests.vcxproj", "{0CF94166-7A5F-3ED7-A996-F841C313A02E}"
	ProjectSection(ProjectDependencies) = postProject
		{FEC3C7F3-D7D7-38B6-9F52-D476A8394EB9} = {FEC3C7F3-D7D7-38B6-9F52-D476A8394EB9}
		{9168B598-B66F-3C52-A24E-FB6C13456C73} = {9168B598-B66F-3C52-A24E-FB6C13456C73}
		{93B6DC01-47B2-30DA-A45B-BCF11E7E5BAF} = {93B6DC01-47B2-30DA-A45B-BCF11E7E5BAF}
	EndProjectSection
EndProject
Global
	GlobalSection(SolutionConfigurationPlatforms) = preSolution
		Debug|x64 = Debug|x64
		Release|x64 = Release|x64
		MinSizeRel|x64 = MinSizeRel|x64
		RelWithDebInfo|x64 = RelWithDebInfo|x64
	EndGlobalSection
	GlobalSection(ProjectConfigurationPlatforms) = postSolution
		{2F3179C8-833A-39C2-8C01-B54C68DE2D25}.Debug|x64.ActiveCfg = Debug|x64
		{2F3179C8-833A-39C2-8C01-B54C68DE2D25}.Debug|x64.Build.0 = Debug|x64
		{2F3179C8-833A-39C2-8C01-B54C68DE2D25}.Release|x64.ActiveCfg = Release|x64
		{2F3179C8-833A-39C2-8C01-B54C68DE2D25}.Release|x64.Build.0 = Release|x64
		{2F3179C8-833A-39C2-8C01-B54C68DE2D25}.MinSizeRel|x64.ActiveCfg = MinSizeRel|x64
		{2F3179C8-833A-39C2-8C01-B54C68DE2D25}.MinSizeRel|x64.Build.0 = MinSizeRel|x64
		{2F3179C8-833A-39C2-8C01-B54C68DE2D25}.RelWithDebInfo|x64.ActiveCfg = RelWithDebInfo|x64
		{2F3179C8-833A-39C2-8C01-B54C68DE2D25}.RelWithDebInfo|x64.Build.0 = RelWithDebInfo|x64
		{44494D91-042F-3514-8C63-4F703040D457}.Debug|x64.ActiveCfg = Debug|x64
		{44494D91-042F-3514-8C63-4F703040D457}.Release|x64.ActiveCfg = Release|x64
		{44494D91-042F-3514-8C63-4F703040D457}.MinSizeRel|x64.ActiveCfg = MinSizeRel|x64
		{44494D91-042F-3514-8C63-4F703040D457}.RelWithDebInfo|x64.ActiveCfg = RelWithDebInfo|x64
		{92FD4DD1-DE8D-3974-B6F3-F35CDC8CE44E}.Debug|x64.ActiveCfg = Debug|x64
		{92FD4DD1-DE8D-3974-B6F3-F35CDC8CE44E}.Release|x64.ActiveCfg = Release|x64
		{92FD4DD1-DE8D-3974-B6F3-F35CDC8CE44E}.MinSizeRel|x64.ActiveCfg = MinSizeRel|x64
		{92FD4DD1-DE8D-3974-B6F3-F35CDC8CE44E}.RelWithDebInfo|x64.ActiveCfg = RelWithDebInfo|x64
		{FEC3C7F3-D7D7-38B6-9F52-D476A8394EB9}.Debug|x64.ActiveCfg = Debug|x64
		{FEC3C7F3-D7D7-38B6-9F52-D476A8394EB9}.Debug|x64.Build.0 = Debug|x64
		{FEC3C7F3-D7D7-38B6-9F52-D476A8394EB9}.Release|x64.ActiveCfg = Release|x64
		{FEC3C7F3-D7D7-38B6-9F52-D476A8394EB9}.Release|x64.Build.0 = Release|x64
		{FEC3C7F3-D7D7-38B6-9F52-D476A8394EB9}.MinSizeRel|x64.ActiveCfg = MinSizeRel|x64
		{FEC3C7F3-D7D7-38B6-9F52-D476A8394EB9}.MinSizeRel|x64.Build.0 = MinSizeRel|x64
		{FEC3C7F3-D7D7-38B6-9F52-D476A8394EB9}.RelWithDebInfo|x64.ActiveCfg = RelWithDebInfo|x64
		{FEC3C7F3-D7D7-38B6-9F52-D476A8394EB9}.RelWithDebInfo|x64.Build.0 = RelWithDebInfo|x64
		{3757A26E-AFD1-3E1E-A43A-567994E09F96}.Debug|x64.ActiveCfg = Debug|x64
		{3757A26E-AFD1-3E1E-A43A-567994E09F96}.Debug|x64.Build.0 = Debug|x64
		{3757A26E-AFD1-3E1E-A43A-567994E09F96}.Release|x64.ActiveCfg = Release|x64
		{3757A26E-AFD1-3E1E-A43A-567994E09F96}.Release|x64.Build.0 = Release|x64
		{3757A26E-AFD1-3E1E-A43A-567994E09F96}.MinSizeRel|x64.ActiveCfg = MinSizeRel|x64
		{3757A26E-AFD1-3E1E-A43A-567994E09F96}.MinSizeRel|x64.Build.0 = MinSizeRel|x64
		{3757A26E-AFD1-3E1E-A43A-567994E09F96}.RelWithDebInfo|x64.ActiveCfg = RelWithDebInfo|x64
		{3757A26E-AFD1-3E1E-A43A-567994E09F96}.RelWithDebInfo|x64.Build.0 = RelWithDebInfo|x64
		{07BF4BF2-0C0F-3FF1-B939-82F068CA3C98}.Debug|x64.ActiveCfg = Debug|x64
		{07BF4BF2-0C0F-3FF1-B939-82F068CA3C98}.Debug|x64.Build.0 = Debug|x64
		{07BF4BF2-0C0F-3FF1-B939-82F068CA3C98}.Release|x64.ActiveCfg = Release|x64
		{07BF4BF2-0C0F-3FF1-B939-82F068CA3C98}.Release|x64.Build.0 = Release|x64
		{07BF4BF2-0C0F-3FF1-B939-82F068CA3C98}.MinSizeRel|x64.ActiveCfg = MinSizeRel|x64
		{07BF4BF2-0C0F-3FF1-B939-82F068CA3C98}.MinSizeRel|x64.Build.0 = MinSizeRel|x64
		{07BF4BF2-0C0F-3FF1-B939-82F068CA3C98}.RelWithDebInfo|x64.ActiveCfg = RelWithDebInfo|x64
		{07BF4BF2-0C0F-3FF1-B939-82F068CA3C98}.RelWithDebInfo|x64.Build.0 = RelWithDebInfo|x64
		{9168B598-B66F-3C52-A24E-FB6C13456C73}.Debug|x64.ActiveCfg = Debug|x64
		{9168B598-B66F-3C52-A24E-FB6C13456C73}.Debug|x64.Build.0 = Debug|x64
		{9168B598-B66F-3C52-A24E-FB6C13456C73}.Release|x64.ActiveCfg = Release|x64
		{9168B598-B66F-3C52-A24E-FB6C13456C73}.Release|x64.Build.0 = Release|x64
		{9168B598-B66F-3C52-A24E-FB6C13456C73}.MinSizeRel|x64.ActiveCfg = MinSizeRel|x64
		{9168B598-B66F-3C52-A24E-FB6C13456C73}.MinSizeRel|x64.Build.0 = MinSizeRel|x64
		{9168B598-B66F-3C52-A24E-FB6C13456C73}.RelWithDebInfo|x64.ActiveCfg = RelWithDebInfo|x64
		{9168B598-B66F-3C52-A24E-FB6C13456C73}.RelWithDebInfo|x64.Build.0 = RelWithDebInfo|x64
		{93B6DC01-47B2-30DA-A45B-BCF11E7E5BAF}.Debug|x64.ActiveCfg = Debug|x64
		{93B6DC01-47B2-30DA-A45B-BCF11E7E5BAF}.Debug|x64.Build.0 = Debug|x64
		{93B6DC01-47B2-30DA-A45B-BCF11E7E5BAF}.Release|x64.ActiveCfg = Release|x64
		{93B6DC01-47B2-30DA-A45B-BCF11E7E5BAF}.Release|x64.Build.0 = Release|x64
		{93B6DC01-47B2-30DA-A45B-BCF11E7E5BAF}.MinSizeRel|x64.ActiveCfg = MinSizeRel|x64
		{93B6DC01-47B2-30DA-A45B-BCF11E7E5BAF}.MinSizeRel|x64.Build.0 = MinSizeRel|x64
		{93B6DC01-47B2-30DA-A45B-BCF11E7E5BAF}.RelWithDebInfo|x64.ActiveCfg = RelWithDebInfo|x64
		{93B6DC01-47B2-30DA-A45B-BCF11E7E5BAF}.RelWithDebInfo|x64.Build.0 = RelWithDebInfo|x64
		{7628FD04-011D-36E6-B6E6-54C8E8F788C3}.Debug|x64.ActiveCfg = Debug|x64
		{7628FD04-011D-36E6-B6E6-54C8E8F788C3}.Debug|x64.Build.0 = Debug|x64
		{7628FD04-011D-36E6-B6E6-54C8E8F788C3}.Release|x64.ActiveCfg = Release|x64
		{7628FD04-011D-36E6-B6E6-54C8E8F788C3}.Release|x64.Build.0 = Release|x64
		{7628FD04-011D-36E6-B6E6-54C8E8F788C3}.MinSizeRel|x64.ActiveCfg = MinSizeRel|x64
		{7628FD04-011D-36E6-B6E6-54C8E8F788C3}.MinSizeRel|x64.Build.0 = MinSizeRel|x64
		{7628FD04-011D-36E6-B6E6-54C8E8F788C3}.RelWithDebInfo|x64.ActiveCfg = RelWithDebInfo|x64
		{7628FD04-011D-36E6-B6E6-54C8E8F788C3}.RelWithDebInfo|x64.Build.0 = RelWithDebInfo|x64
		{0CF94166-7A5F-3ED7-A996-F841C313A02E}.Debug|x64.ActiveCfg = Debug|x64
		{0CF94166-7A5F-3ED7-A996-F841C313A02E}.Debug|x64.Build.0 = Debug|x64
		{0CF94166-7A5F-3ED7-A996-F841C313A02E}.Release|x64.ActiveCfg = Release|x64
		{0CF94166-7A5F-3ED7-A996-F841C313A02E}.Release|x64.Build.0 = Release|x64
		{0CF94166-7A5F-3ED7-A996-F841C313A02E}.MinSizeRel|x64.ActiveCfg = MinSizeRel|x64
		{0CF94166-7A5F-3ED7-A996-F841C313A02E}.MinSizeRel|x64.Build.0 = MinSizeRel|x64
		{0CF94166-7A5F-3ED7-A996-F841C313A02E}.RelWithDebInfo|x64.ActiveCfg = RelWithDebInfo|x64
		{0CF94166-7A5F-3ED7-A996-F841C313A02E}.RelWithDebInfo|x64.Build.0 = RelWithDebInfo|x64
	EndGlobalSection
	GlobalSection(ExtensibilityGlobals) = postSolution
		SolutionGuid = {3E28E132-FAAE-3F47-BA3D-54B6363B86DC}
	EndGlobalSection
	GlobalSection(ExtensibilityAddIns) = postSolution
	EndGlobalSection
EndGlobal
