<?xml version="1.0" encoding="utf-8"?>
<Project ToolsVersion="17.0" xmlns="http://schemas.microsoft.com/developer/msbuild/2003">
  <ItemGroup>
    <CustomBuild Include="C:\Users\xhs20\Desktop\code\c++\Option_pricing\build3\CMakeFiles\2c13c2db8c3b6a9d1a99486d6a327d4b\INSTALL_force.rule">
      <Filter>CMake Rules</Filter>
    </CustomBuild>
  </ItemGroup>
  <ItemGroup>
    <Filter Include="CMake Rules">
      <UniqueIdentifier>{FF7C0ECB-ADAC-3ACC-A553-5772FE68A87F}</UniqueIdentifier>
    </Filter>
  </ItemGroup>
</Project>
