
Microsoft Visual Studio Solution File, Format Version 12.00
# Visual Studio Version 17
Project("{8BC9CEB8-8B4A-11D0-8D11-00A0C91BC942}") = "ALL_BUILD", "ALL_BUILD.vcxproj", "{7CC22C2A-82FB-3E72-AAF7-D4E9B443B3A4}"
	ProjectSection(ProjectDependencies) = postProject
		{6446D82A-6763-3A1B-A87E-B226069C8EDC} = {6446D82A-6763-3A1B-A87E-B226069C8EDC}
		{1D168F6A-9838-35A5-935F-4104EF7D9288} = {1D168F6A-9838-35A5-935F-4104EF7D9288}
		{87FEC342-BAF7-3D79-A294-AEBA2D02A4AB} = {87FEC342-BAF7-3D79-A294-AEBA2D02A4AB}
		{84D8B65A-700E-3A22-9386-7A9AF6A88FED} = {84D8B65A-700E-3A22-9386-7A9AF6A88FED}
		{92C212D5-017A-3F19-A201-B20E904AD8FA} = {92C212D5-017A-3F19-A201-B20E904AD8FA}
		{2501BCDA-EBA3-33FB-A9EC-1E3ED361B088} = {2501BCDA-EBA3-33FB-A9EC-1E3ED361B088}
		{DAECEF15-075D-359C-A02B-4E45B1992FC2} = {DAECEF15-075D-359C-A02B-4E45B1992FC2}
	EndProjectSection
EndProject
Project("{8BC9CEB8-8B4A-11D0-8D11-00A0C91BC942}") = "INSTALL", "INSTALL.vcxproj", "{8C32C82F-0C64-3046-BD01-8E807B8D6DA8}"
	ProjectSection(ProjectDependencies) = postProject
		{7CC22C2A-82FB-3E72-AAF7-D4E9B443B3A4} = {7CC22C2A-82FB-3E72-AAF7-D4E9B443B3A4}
		{6446D82A-6763-3A1B-A87E-B226069C8EDC} = {6446D82A-6763-3A1B-A87E-B226069C8EDC}
	EndProjectSection
EndProject
Project("{8BC9CEB8-8B4A-11D0-8D11-00A0C91BC942}") = "RUN_TESTS", "RUN_TESTS.vcxproj", "{8BF8A08D-4B54-3873-AE7E-F1B48B8C29DF}"
	ProjectSection(ProjectDependencies) = postProject
		{6446D82A-6763-3A1B-A87E-B226069C8EDC} = {6446D82A-6763-3A1B-A87E-B226069C8EDC}
	EndProjectSection
EndProject
Project("{8BC9CEB8-8B4A-11D0-8D11-00A0C91BC942}") = "ZERO_CHECK", "ZERO_CHECK.vcxproj", "{6446D82A-6763-3A1B-A87E-B226069C8EDC}"
	ProjectSection(ProjectDependencies) = postProject
	EndProjectSection
EndProject
Project("{8BC9CEB8-8B4A-11D0-8D11-00A0C91BC942}") = "gmock", "_deps\googletest-build\googlemock\gmock.vcxproj", "{1D168F6A-9838-35A5-935F-4104EF7D9288}"
	ProjectSection(ProjectDependencies) = postProject
		{6446D82A-6763-3A1B-A87E-B226069C8EDC} = {6446D82A-6763-3A1B-A87E-B226069C8EDC}
	EndProjectSection
EndProject
Project("{8BC9CEB8-8B4A-11D0-8D11-00A0C91BC942}") = "gmock_main", "_deps\googletest-build\googlemock\gmock_main.vcxproj", "{87FEC342-BAF7-3D79-A294-AEBA2D02A4AB}"
	ProjectSection(ProjectDependencies) = postProject
		{6446D82A-6763-3A1B-A87E-B226069C8EDC} = {6446D82A-6763-3A1B-A87E-B226069C8EDC}
	EndProjectSection
EndProject
Project("{8BC9CEB8-8B4A-11D0-8D11-00A0C91BC942}") = "gtest", "_deps\googletest-build\googletest\gtest.vcxproj", "{84D8B65A-700E-3A22-9386-7A9AF6A88FED}"
	ProjectSection(ProjectDependencies) = postProject
		{6446D82A-6763-3A1B-A87E-B226069C8EDC} = {6446D82A-6763-3A1B-A87E-B226069C8EDC}
	EndProjectSection
EndProject
Project("{8BC9CEB8-8B4A-11D0-8D11-00A0C91BC942}") = "gtest_main", "_deps\googletest-build\googletest\gtest_main.vcxproj", "{92C212D5-017A-3F19-A201-B20E904AD8FA}"
	ProjectSection(ProjectDependencies) = postProject
		{6446D82A-6763-3A1B-A87E-B226069C8EDC} = {6446D82A-6763-3A1B-A87E-B226069C8EDC}
		{84D8B65A-700E-3A22-9386-7A9AF6A88FED} = {84D8B65A-700E-3A22-9386-7A9AF6A88FED}
	EndProjectSection
EndProject
Project("{8BC9CEB8-8B4A-11D0-8D11-00A0C91BC942}") = "option_pricer", "option_pricer.vcxproj", "{2501BCDA-EBA3-33FB-A9EC-1E3ED361B088}"
	ProjectSection(ProjectDependencies) = postProject
		{6446D82A-6763-3A1B-A87E-B226069C8EDC} = {6446D82A-6763-3A1B-A87E-B226069C8EDC}
	EndProjectSection
EndProject
Project("{8BC9CEB8-8B4A-11D0-8D11-00A0C91BC942}") = "option_pricer_tests", "option_pricer_tests.vcxproj", "{DAECEF15-075D-359C-A02B-4E45B1992FC2}"
	ProjectSection(ProjectDependencies) = postProject
		{6446D82A-6763-3A1B-A87E-B226069C8EDC} = {6446D82A-6763-3A1B-A87E-B226069C8EDC}
		{84D8B65A-700E-3A22-9386-7A9AF6A88FED} = {84D8B65A-700E-3A22-9386-7A9AF6A88FED}
		{92C212D5-017A-3F19-A201-B20E904AD8FA} = {92C212D5-017A-3F19-A201-B20E904AD8FA}
	EndProjectSection
EndProject
Global
	GlobalSection(SolutionConfigurationPlatforms) = preSolution
		Debug|x64 = Debug|x64
		Release|x64 = Release|x64
		MinSizeRel|x64 = MinSizeRel|x64
		RelWithDebInfo|x64 = RelWithDebInfo|x64
	EndGlobalSection
	GlobalSection(ProjectConfigurationPlatforms) = postSolution
		{7CC22C2A-82FB-3E72-AAF7-D4E9B443B3A4}.Debug|x64.ActiveCfg = Debug|x64
		{7CC22C2A-82FB-3E72-AAF7-D4E9B443B3A4}.Debug|x64.Build.0 = Debug|x64
		{7CC22C2A-82FB-3E72-AAF7-D4E9B443B3A4}.Release|x64.ActiveCfg = Release|x64
		{7CC22C2A-82FB-3E72-AAF7-D4E9B443B3A4}.Release|x64.Build.0 = Release|x64
		{7CC22C2A-82FB-3E72-AAF7-D4E9B443B3A4}.MinSizeRel|x64.ActiveCfg = MinSizeRel|x64
		{7CC22C2A-82FB-3E72-AAF7-D4E9B443B3A4}.MinSizeRel|x64.Build.0 = MinSizeRel|x64
		{7CC22C2A-82FB-3E72-AAF7-D4E9B443B3A4}.RelWithDebInfo|x64.ActiveCfg = RelWithDebInfo|x64
		{7CC22C2A-82FB-3E72-AAF7-D4E9B443B3A4}.RelWithDebInfo|x64.Build.0 = RelWithDebInfo|x64
		{8C32C82F-0C64-3046-BD01-8E807B8D6DA8}.Debug|x64.ActiveCfg = Debug|x64
		{8C32C82F-0C64-3046-BD01-8E807B8D6DA8}.Release|x64.ActiveCfg = Release|x64
		{8C32C82F-0C64-3046-BD01-8E807B8D6DA8}.MinSizeRel|x64.ActiveCfg = MinSizeRel|x64
		{8C32C82F-0C64-3046-BD01-8E807B8D6DA8}.RelWithDebInfo|x64.ActiveCfg = RelWithDebInfo|x64
		{8BF8A08D-4B54-3873-AE7E-F1B48B8C29DF}.Debug|x64.ActiveCfg = Debug|x64
		{8BF8A08D-4B54-3873-AE7E-F1B48B8C29DF}.Release|x64.ActiveCfg = Release|x64
		{8BF8A08D-4B54-3873-AE7E-F1B48B8C29DF}.MinSizeRel|x64.ActiveCfg = MinSizeRel|x64
		{8BF8A08D-4B54-3873-AE7E-F1B48B8C29DF}.RelWithDebInfo|x64.ActiveCfg = RelWithDebInfo|x64
		{6446D82A-6763-3A1B-A87E-B226069C8EDC}.Debug|x64.ActiveCfg = Debug|x64
		{6446D82A-6763-3A1B-A87E-B226069C8EDC}.Debug|x64.Build.0 = Debug|x64
		{6446D82A-6763-3A1B-A87E-B226069C8EDC}.Release|x64.ActiveCfg = Release|x64
		{6446D82A-6763-3A1B-A87E-B226069C8EDC}.Release|x64.Build.0 = Release|x64
		{6446D82A-6763-3A1B-A87E-B226069C8EDC}.MinSizeRel|x64.ActiveCfg = MinSizeRel|x64
		{6446D82A-6763-3A1B-A87E-B226069C8EDC}.MinSizeRel|x64.Build.0 = MinSizeRel|x64
		{6446D82A-6763-3A1B-A87E-B226069C8EDC}.RelWithDebInfo|x64.ActiveCfg = RelWithDebInfo|x64
		{6446D82A-6763-3A1B-A87E-B226069C8EDC}.RelWithDebInfo|x64.Build.0 = RelWithDebInfo|x64
		{1D168F6A-9838-35A5-935F-4104EF7D9288}.Debug|x64.ActiveCfg = Debug|x64
		{1D168F6A-9838-35A5-935F-4104EF7D9288}.Debug|x64.Build.0 = Debug|x64
		{1D168F6A-9838-35A5-935F-4104EF7D9288}.Release|x64.ActiveCfg = Release|x64
		{1D168F6A-9838-35A5-935F-4104EF7D9288}.Release|x64.Build.0 = Release|x64
		{1D168F6A-9838-35A5-935F-4104EF7D9288}.MinSizeRel|x64.ActiveCfg = MinSizeRel|x64
		{1D168F6A-9838-35A5-935F-4104EF7D9288}.MinSizeRel|x64.Build.0 = MinSizeRel|x64
		{1D168F6A-9838-35A5-935F-4104EF7D9288}.RelWithDebInfo|x64.ActiveCfg = RelWithDebInfo|x64
		{1D168F6A-9838-35A5-935F-4104EF7D9288}.RelWithDebInfo|x64.Build.0 = RelWithDebInfo|x64
		{87FEC342-BAF7-3D79-A294-AEBA2D02A4AB}.Debug|x64.ActiveCfg = Debug|x64
		{87FEC342-BAF7-3D79-A294-AEBA2D02A4AB}.Debug|x64.Build.0 = Debug|x64
		{87FEC342-BAF7-3D79-A294-AEBA2D02A4AB}.Release|x64.ActiveCfg = Release|x64
		{87FEC342-BAF7-3D79-A294-AEBA2D02A4AB}.Release|x64.Build.0 = Release|x64
		{87FEC342-BAF7-3D79-A294-AEBA2D02A4AB}.MinSizeRel|x64.ActiveCfg = MinSizeRel|x64
		{87FEC342-BAF7-3D79-A294-AEBA2D02A4AB}.MinSizeRel|x64.Build.0 = MinSizeRel|x64
		{87FEC342-BAF7-3D79-A294-AEBA2D02A4AB}.RelWithDebInfo|x64.ActiveCfg = RelWithDebInfo|x64
		{87FEC342-BAF7-3D79-A294-AEBA2D02A4AB}.RelWithDebInfo|x64.Build.0 = RelWithDebInfo|x64
		{84D8B65A-700E-3A22-9386-7A9AF6A88FED}.Debug|x64.ActiveCfg = Debug|x64
		{84D8B65A-700E-3A22-9386-7A9AF6A88FED}.Debug|x64.Build.0 = Debug|x64
		{84D8B65A-700E-3A22-9386-7A9AF6A88FED}.Release|x64.ActiveCfg = Release|x64
		{84D8B65A-700E-3A22-9386-7A9AF6A88FED}.Release|x64.Build.0 = Release|x64
		{84D8B65A-700E-3A22-9386-7A9AF6A88FED}.MinSizeRel|x64.ActiveCfg = MinSizeRel|x64
		{84D8B65A-700E-3A22-9386-7A9AF6A88FED}.MinSizeRel|x64.Build.0 = MinSizeRel|x64
		{84D8B65A-700E-3A22-9386-7A9AF6A88FED}.RelWithDebInfo|x64.ActiveCfg = RelWithDebInfo|x64
		{84D8B65A-700E-3A22-9386-7A9AF6A88FED}.RelWithDebInfo|x64.Build.0 = RelWithDebInfo|x64
		{92C212D5-017A-3F19-A201-B20E904AD8FA}.Debug|x64.ActiveCfg = Debug|x64
		{92C212D5-017A-3F19-A201-B20E904AD8FA}.Debug|x64.Build.0 = Debug|x64
		{92C212D5-017A-3F19-A201-B20E904AD8FA}.Release|x64.ActiveCfg = Release|x64
		{92C212D5-017A-3F19-A201-B20E904AD8FA}.Release|x64.Build.0 = Release|x64
		{92C212D5-017A-3F19-A201-B20E904AD8FA}.MinSizeRel|x64.ActiveCfg = MinSizeRel|x64
		{92C212D5-017A-3F19-A201-B20E904AD8FA}.MinSizeRel|x64.Build.0 = MinSizeRel|x64
		{92C212D5-017A-3F19-A201-B20E904AD8FA}.RelWithDebInfo|x64.ActiveCfg = RelWithDebInfo|x64
		{92C212D5-017A-3F19-A201-B20E904AD8FA}.RelWithDebInfo|x64.Build.0 = RelWithDebInfo|x64
		{2501BCDA-EBA3-33FB-A9EC-1E3ED361B088}.Debug|x64.ActiveCfg = Debug|x64
		{2501BCDA-EBA3-33FB-A9EC-1E3ED361B088}.Debug|x64.Build.0 = Debug|x64
		{2501BCDA-EBA3-33FB-A9EC-1E3ED361B088}.Release|x64.ActiveCfg = Release|x64
		{2501BCDA-EBA3-33FB-A9EC-1E3ED361B088}.Release|x64.Build.0 = Release|x64
		{2501BCDA-EBA3-33FB-A9EC-1E3ED361B088}.MinSizeRel|x64.ActiveCfg = MinSizeRel|x64
		{2501BCDA-EBA3-33FB-A9EC-1E3ED361B088}.MinSizeRel|x64.Build.0 = MinSizeRel|x64
		{2501BCDA-EBA3-33FB-A9EC-1E3ED361B088}.RelWithDebInfo|x64.ActiveCfg = RelWithDebInfo|x64
		{2501BCDA-EBA3-33FB-A9EC-1E3ED361B088}.RelWithDebInfo|x64.Build.0 = RelWithDebInfo|x64
		{DAECEF15-075D-359C-A02B-4E45B1992FC2}.Debug|x64.ActiveCfg = Debug|x64
		{DAECEF15-075D-359C-A02B-4E45B1992FC2}.Debug|x64.Build.0 = Debug|x64
		{DAECEF15-075D-359C-A02B-4E45B1992FC2}.Release|x64.ActiveCfg = Release|x64
		{DAECEF15-075D-359C-A02B-4E45B1992FC2}.Release|x64.Build.0 = Release|x64
		{DAECEF15-075D-359C-A02B-4E45B1992FC2}.MinSizeRel|x64.ActiveCfg = MinSizeRel|x64
		{DAECEF15-075D-359C-A02B-4E45B1992FC2}.MinSizeRel|x64.Build.0 = MinSizeRel|x64
		{DAECEF15-075D-359C-A02B-4E45B1992FC2}.RelWithDebInfo|x64.ActiveCfg = RelWithDebInfo|x64
		{DAECEF15-075D-359C-A02B-4E45B1992FC2}.RelWithDebInfo|x64.Build.0 = RelWithDebInfo|x64
	EndGlobalSection
	GlobalSection(ExtensibilityGlobals) = postSolution
		SolutionGuid = {259C3428-F0AC-3AEF-9CB7-A7F87A3C31E1}
	EndGlobalSection
	GlobalSection(ExtensibilityAddIns) = postSolution
	EndGlobalSection
EndGlobal
