<?xml version="1.0" encoding="utf-8"?>
<Project ToolsVersion="17.0" xmlns="http://schemas.microsoft.com/developer/msbuild/2003">
  <ItemGroup>
    <ClCompile Include="C:\Users\xhs20\Desktop\code\c++\Option_pricing\src\main.cpp">
      <Filter>Source Files</Filter>
    </ClCompile>
    <ClCompile Include="C:\Users\xhs20\Desktop\code\c++\Option_pricing\src\math_utils.cpp">
      <Filter>Source Files</Filter>
    </ClCompile>
    <ClCompile Include="C:\Users\xhs20\Desktop\code\c++\Option_pricing\src\black_scholes_engine.cpp">
      <Filter>Source Files</Filter>
    </ClCompile>
    <ClCompile Include="C:\Users\xhs20\Desktop\code\c++\Option_pricing\src\binomial_tree_engine.cpp">
      <Filter>Source Files</Filter>
    </ClCompile>
    <ClCompile Include="C:\Users\xhs20\Desktop\code\c++\Option_pricing\src\input_validator.cpp">
      <Filter>Source Files</Filter>
    </ClCompile>
    <ClCompile Include="C:\Users\xhs20\Desktop\code\c++\Option_pricing\src\error_logger.cpp">
      <Filter>Source Files</Filter>
    </ClCompile>
    <ClCompile Include="C:\Users\xhs20\Desktop\code\c++\Option_pricing\src\parameter_validator.cpp">
      <Filter>Source Files</Filter>
    </ClCompile>
    <ClCompile Include="C:\Users\xhs20\Desktop\code\c++\Option_pricing\src\visualization_generator.cpp">
      <Filter>Source Files</Filter>
    </ClCompile>
    <ClCompile Include="C:\Users\xhs20\Desktop\code\c++\Option_pricing\src\json_serialization.cpp">
      <Filter>Source Files</Filter>
    </ClCompile>
    <ClCompile Include="C:\Users\xhs20\Desktop\code\c++\Option_pricing\src\option_pricer_server.cpp">
      <Filter>Source Files</Filter>
    </ClCompile>
  </ItemGroup>
  <ItemGroup>
    <CustomBuild Include="C:\Users\xhs20\Desktop\code\c++\Option_pricing\CMakeLists.txt" />
  </ItemGroup>
  <ItemGroup>
    <Natvis Include="C:\Users\xhs20\Desktop\code\c++\Option_pricing\build7\_deps\nlohmann_json-src\nlohmann_json.natvis" />
  </ItemGroup>
  <ItemGroup>
    <Filter Include="Source Files">
      <UniqueIdentifier>{441AD139-9325-3907-BE6E-3446B10C574A}</UniqueIdentifier>
    </Filter>
  </ItemGroup>
</Project>
