
Microsoft Visual Studio Solution File, Format Version 12.00
# Visual Studio Version 17
Project("{8BC9CEB8-8B4A-11D0-8D11-00A0C91BC942}") = "ALL_BUILD", "ALL_BUILD.vcxproj", "{25AA7081-C161-3EE8-8D5E-EE734BDE6665}"
	ProjectSection(ProjectDependencies) = postProject
		{8B3C337A-A6C5-3B83-8BEE-6953C55B4B24} = {8B3C337A-A6C5-3B83-8BEE-6953C55B4B24}
		{9F27C0CE-0FDC-3831-875D-0ECE08E9F4A6} = {9F27C0CE-0FDC-3831-875D-0ECE08E9F4A6}
		{53892B10-42A0-3391-B625-686EA6BB68D9} = {53892B10-42A0-3391-B625-686EA6BB68D9}
		{7CAE9E93-1B2F-314A-914B-198D5F82BFFB} = {7CAE9E93-1B2F-314A-914B-198D5F82BFFB}
		{F6FDAC3C-480B-39F7-A7AD-6FFA6E98C505} = {F6FDAC3C-480B-39F7-A7AD-6FFA6E98C505}
		{6526A763-201E-3BE1-83A3-8AE05DC661DA} = {6526A763-201E-3BE1-83A3-8AE05DC661DA}
		{6E222AA0-8302-35B2-B187-F047AA1D1075} = {6E222AA0-8302-35B2-B187-F047AA1D1075}
	EndProjectSection
EndProject
Project("{8BC9CEB8-8B4A-11D0-8D11-00A0C91BC942}") = "INSTALL", "INSTALL.vcxproj", "{899E88A9-6F91-32E8-99F3-B2D0E7798B86}"
	ProjectSection(ProjectDependencies) = postProject
		{25AA7081-C161-3EE8-8D5E-EE734BDE6665} = {25AA7081-C161-3EE8-8D5E-EE734BDE6665}
		{8B3C337A-A6C5-3B83-8BEE-6953C55B4B24} = {8B3C337A-A6C5-3B83-8BEE-6953C55B4B24}
	EndProjectSection
EndProject
Project("{8BC9CEB8-8B4A-11D0-8D11-00A0C91BC942}") = "RUN_TESTS", "RUN_TESTS.vcxproj", "{71FA8436-93C6-3BE6-9C59-AB45A2D53C10}"
	ProjectSection(ProjectDependencies) = postProject
		{8B3C337A-A6C5-3B83-8BEE-6953C55B4B24} = {8B3C337A-A6C5-3B83-8BEE-6953C55B4B24}
	EndProjectSection
EndProject
Project("{8BC9CEB8-8B4A-11D0-8D11-00A0C91BC942}") = "ZERO_CHECK", "ZERO_CHECK.vcxproj", "{8B3C337A-A6C5-3B83-8BEE-6953C55B4B24}"
	ProjectSection(ProjectDependencies) = postProject
	EndProjectSection
EndProject
Project("{8BC9CEB8-8B4A-11D0-8D11-00A0C91BC942}") = "gmock", "_deps\googletest-build\googlemock\gmock.vcxproj", "{9F27C0CE-0FDC-3831-875D-0ECE08E9F4A6}"
	ProjectSection(ProjectDependencies) = postProject
		{8B3C337A-A6C5-3B83-8BEE-6953C55B4B24} = {8B3C337A-A6C5-3B83-8BEE-6953C55B4B24}
	EndProjectSection
EndProject
Project("{8BC9CEB8-8B4A-11D0-8D11-00A0C91BC942}") = "gmock_main", "_deps\googletest-build\googlemock\gmock_main.vcxproj", "{53892B10-42A0-3391-B625-686EA6BB68D9}"
	ProjectSection(ProjectDependencies) = postProject
		{8B3C337A-A6C5-3B83-8BEE-6953C55B4B24} = {8B3C337A-A6C5-3B83-8BEE-6953C55B4B24}
	EndProjectSection
EndProject
Project("{8BC9CEB8-8B4A-11D0-8D11-00A0C91BC942}") = "gtest", "_deps\googletest-build\googletest\gtest.vcxproj", "{7CAE9E93-1B2F-314A-914B-198D5F82BFFB}"
	ProjectSection(ProjectDependencies) = postProject
		{8B3C337A-A6C5-3B83-8BEE-6953C55B4B24} = {8B3C337A-A6C5-3B83-8BEE-6953C55B4B24}
	EndProjectSection
EndProject
Project("{8BC9CEB8-8B4A-11D0-8D11-00A0C91BC942}") = "gtest_main", "_deps\googletest-build\googletest\gtest_main.vcxproj", "{F6FDAC3C-480B-39F7-A7AD-6FFA6E98C505}"
	ProjectSection(ProjectDependencies) = postProject
		{8B3C337A-A6C5-3B83-8BEE-6953C55B4B24} = {8B3C337A-A6C5-3B83-8BEE-6953C55B4B24}
		{7CAE9E93-1B2F-314A-914B-198D5F82BFFB} = {7CAE9E93-1B2F-314A-914B-198D5F82BFFB}
	EndProjectSection
EndProject
Project("{8BC9CEB8-8B4A-11D0-8D11-00A0C91BC942}") = "option_pricer", "option_pricer.vcxproj", "{6526A763-201E-3BE1-83A3-8AE05DC661DA}"
	ProjectSection(ProjectDependencies) = postProject
		{8B3C337A-A6C5-3B83-8BEE-6953C55B4B24} = {8B3C337A-A6C5-3B83-8BEE-6953C55B4B24}
	EndProjectSection
EndProject
Project("{8BC9CEB8-8B4A-11D0-8D11-00A0C91BC942}") = "option_pricer_tests", "option_pricer_tests.vcxproj", "{6E222AA0-8302-35B2-B187-F047AA1D1075}"
	ProjectSection(ProjectDependencies) = postProject
		{8B3C337A-A6C5-3B83-8BEE-6953C55B4B24} = {8B3C337A-A6C5-3B83-8BEE-6953C55B4B24}
		{7CAE9E93-1B2F-314A-914B-198D5F82BFFB} = {7CAE9E93-1B2F-314A-914B-198D5F82BFFB}
		{F6FDAC3C-480B-39F7-A7AD-6FFA6E98C505} = {F6FDAC3C-480B-39F7-A7AD-6FFA6E98C505}
	EndProjectSection
EndProject
Global
	GlobalSection(SolutionConfigurationPlatforms) = preSolution
		Debug|x64 = Debug|x64
		Release|x64 = Release|x64
		MinSizeRel|x64 = MinSizeRel|x64
		RelWithDebInfo|x64 = RelWithDebInfo|x64
	EndGlobalSection
	GlobalSection(ProjectConfigurationPlatforms) = postSolution
		{25AA7081-C161-3EE8-8D5E-EE734BDE6665}.Debug|x64.ActiveCfg = Debug|x64
		{25AA7081-C161-3EE8-8D5E-EE734BDE6665}.Debug|x64.Build.0 = Debug|x64
		{25AA7081-C161-3EE8-8D5E-EE734BDE6665}.Release|x64.ActiveCfg = Release|x64
		{25AA7081-C161-3EE8-8D5E-EE734BDE6665}.Release|x64.Build.0 = Release|x64
		{25AA7081-C161-3EE8-8D5E-EE734BDE6665}.MinSizeRel|x64.ActiveCfg = MinSizeRel|x64
		{25AA7081-C161-3EE8-8D5E-EE734BDE6665}.MinSizeRel|x64.Build.0 = MinSizeRel|x64
		{25AA7081-C161-3EE8-8D5E-EE734BDE6665}.RelWithDebInfo|x64.ActiveCfg = RelWithDebInfo|x64
		{25AA7081-C161-3EE8-8D5E-EE734BDE6665}.RelWithDebInfo|x64.Build.0 = RelWithDebInfo|x64
		{899E88A9-6F91-32E8-99F3-B2D0E7798B86}.Debug|x64.ActiveCfg = Debug|x64
		{899E88A9-6F91-32E8-99F3-B2D0E7798B86}.Release|x64.ActiveCfg = Release|x64
		{899E88A9-6F91-32E8-99F3-B2D0E7798B86}.MinSizeRel|x64.ActiveCfg = MinSizeRel|x64
		{899E88A9-6F91-32E8-99F3-B2D0E7798B86}.RelWithDebInfo|x64.ActiveCfg = RelWithDebInfo|x64
		{71FA8436-93C6-3BE6-9C59-AB45A2D53C10}.Debug|x64.ActiveCfg = Debug|x64
		{71FA8436-93C6-3BE6-9C59-AB45A2D53C10}.Release|x64.ActiveCfg = Release|x64
		{71FA8436-93C6-3BE6-9C59-AB45A2D53C10}.MinSizeRel|x64.ActiveCfg = MinSizeRel|x64
		{71FA8436-93C6-3BE6-9C59-AB45A2D53C10}.RelWithDebInfo|x64.ActiveCfg = RelWithDebInfo|x64
		{8B3C337A-A6C5-3B83-8BEE-6953C55B4B24}.Debug|x64.ActiveCfg = Debug|x64
		{8B3C337A-A6C5-3B83-8BEE-6953C55B4B24}.Debug|x64.Build.0 = Debug|x64
		{8B3C337A-A6C5-3B83-8BEE-6953C55B4B24}.Release|x64.ActiveCfg = Release|x64
		{8B3C337A-A6C5-3B83-8BEE-6953C55B4B24}.Release|x64.Build.0 = Release|x64
		{8B3C337A-A6C5-3B83-8BEE-6953C55B4B24}.MinSizeRel|x64.ActiveCfg = MinSizeRel|x64
		{8B3C337A-A6C5-3B83-8BEE-6953C55B4B24}.MinSizeRel|x64.Build.0 = MinSizeRel|x64
		{8B3C337A-A6C5-3B83-8BEE-6953C55B4B24}.RelWithDebInfo|x64.ActiveCfg = RelWithDebInfo|x64
		{8B3C337A-A6C5-3B83-8BEE-6953C55B4B24}.RelWithDebInfo|x64.Build.0 = RelWithDebInfo|x64
		{9F27C0CE-0FDC-3831-875D-0ECE08E9F4A6}.Debug|x64.ActiveCfg = Debug|x64
		{9F27C0CE-0FDC-3831-875D-0ECE08E9F4A6}.Debug|x64.Build.0 = Debug|x64
		{9F27C0CE-0FDC-3831-875D-0ECE08E9F4A6}.Release|x64.ActiveCfg = Release|x64
		{9F27C0CE-0FDC-3831-875D-0ECE08E9F4A6}.Release|x64.Build.0 = Release|x64
		{9F27C0CE-0FDC-3831-875D-0ECE08E9F4A6}.MinSizeRel|x64.ActiveCfg = MinSizeRel|x64
		{9F27C0CE-0FDC-3831-875D-0ECE08E9F4A6}.MinSizeRel|x64.Build.0 = MinSizeRel|x64
		{9F27C0CE-0FDC-3831-875D-0ECE08E9F4A6}.RelWithDebInfo|x64.ActiveCfg = RelWithDebInfo|x64
		{9F27C0CE-0FDC-3831-875D-0ECE08E9F4A6}.RelWithDebInfo|x64.Build.0 = RelWithDebInfo|x64
		{53892B10-42A0-3391-B625-686EA6BB68D9}.Debug|x64.ActiveCfg = Debug|x64
		{53892B10-42A0-3391-B625-686EA6BB68D9}.Debug|x64.Build.0 = Debug|x64
		{53892B10-42A0-3391-B625-686EA6BB68D9}.Release|x64.ActiveCfg = Release|x64
		{53892B10-42A0-3391-B625-686EA6BB68D9}.Release|x64.Build.0 = Release|x64
		{53892B10-42A0-3391-B625-686EA6BB68D9}.MinSizeRel|x64.ActiveCfg = MinSizeRel|x64
		{53892B10-42A0-3391-B625-686EA6BB68D9}.MinSizeRel|x64.Build.0 = MinSizeRel|x64
		{53892B10-42A0-3391-B625-686EA6BB68D9}.RelWithDebInfo|x64.ActiveCfg = RelWithDebInfo|x64
		{53892B10-42A0-3391-B625-686EA6BB68D9}.RelWithDebInfo|x64.Build.0 = RelWithDebInfo|x64
		{7CAE9E93-1B2F-314A-914B-198D5F82BFFB}.Debug|x64.ActiveCfg = Debug|x64
		{7CAE9E93-1B2F-314A-914B-198D5F82BFFB}.Debug|x64.Build.0 = Debug|x64
		{7CAE9E93-1B2F-314A-914B-198D5F82BFFB}.Release|x64.ActiveCfg = Release|x64
		{7CAE9E93-1B2F-314A-914B-198D5F82BFFB}.Release|x64.Build.0 = Release|x64
		{7CAE9E93-1B2F-314A-914B-198D5F82BFFB}.MinSizeRel|x64.ActiveCfg = MinSizeRel|x64
		{7CAE9E93-1B2F-314A-914B-198D5F82BFFB}.MinSizeRel|x64.Build.0 = MinSizeRel|x64
		{7CAE9E93-1B2F-314A-914B-198D5F82BFFB}.RelWithDebInfo|x64.ActiveCfg = RelWithDebInfo|x64
		{7CAE9E93-1B2F-314A-914B-198D5F82BFFB}.RelWithDebInfo|x64.Build.0 = RelWithDebInfo|x64
		{F6FDAC3C-480B-39F7-A7AD-6FFA6E98C505}.Debug|x64.ActiveCfg = Debug|x64
		{F6FDAC3C-480B-39F7-A7AD-6FFA6E98C505}.Debug|x64.Build.0 = Debug|x64
		{F6FDAC3C-480B-39F7-A7AD-6FFA6E98C505}.Release|x64.ActiveCfg = Release|x64
		{F6FDAC3C-480B-39F7-A7AD-6FFA6E98C505}.Release|x64.Build.0 = Release|x64
		{F6FDAC3C-480B-39F7-A7AD-6FFA6E98C505}.MinSizeRel|x64.ActiveCfg = MinSizeRel|x64
		{F6FDAC3C-480B-39F7-A7AD-6FFA6E98C505}.MinSizeRel|x64.Build.0 = MinSizeRel|x64
		{F6FDAC3C-480B-39F7-A7AD-6FFA6E98C505}.RelWithDebInfo|x64.ActiveCfg = RelWithDebInfo|x64
		{F6FDAC3C-480B-39F7-A7AD-6FFA6E98C505}.RelWithDebInfo|x64.Build.0 = RelWithDebInfo|x64
		{6526A763-201E-3BE1-83A3-8AE05DC661DA}.Debug|x64.ActiveCfg = Debug|x64
		{6526A763-201E-3BE1-83A3-8AE05DC661DA}.Debug|x64.Build.0 = Debug|x64
		{6526A763-201E-3BE1-83A3-8AE05DC661DA}.Release|x64.ActiveCfg = Release|x64
		{6526A763-201E-3BE1-83A3-8AE05DC661DA}.Release|x64.Build.0 = Release|x64
		{6526A763-201E-3BE1-83A3-8AE05DC661DA}.MinSizeRel|x64.ActiveCfg = MinSizeRel|x64
		{6526A763-201E-3BE1-83A3-8AE05DC661DA}.MinSizeRel|x64.Build.0 = MinSizeRel|x64
		{6526A763-201E-3BE1-83A3-8AE05DC661DA}.RelWithDebInfo|x64.ActiveCfg = RelWithDebInfo|x64
		{6526A763-201E-3BE1-83A3-8AE05DC661DA}.RelWithDebInfo|x64.Build.0 = RelWithDebInfo|x64
		{6E222AA0-8302-35B2-B187-F047AA1D1075}.Debug|x64.ActiveCfg = Debug|x64
		{6E222AA0-8302-35B2-B187-F047AA1D1075}.Debug|x64.Build.0 = Debug|x64
		{6E222AA0-8302-35B2-B187-F047AA1D1075}.Release|x64.ActiveCfg = Release|x64
		{6E222AA0-8302-35B2-B187-F047AA1D1075}.Release|x64.Build.0 = Release|x64
		{6E222AA0-8302-35B2-B187-F047AA1D1075}.MinSizeRel|x64.ActiveCfg = MinSizeRel|x64
		{6E222AA0-8302-35B2-B187-F047AA1D1075}.MinSizeRel|x64.Build.0 = MinSizeRel|x64
		{6E222AA0-8302-35B2-B187-F047AA1D1075}.RelWithDebInfo|x64.ActiveCfg = RelWithDebInfo|x64
		{6E222AA0-8302-35B2-B187-F047AA1D1075}.RelWithDebInfo|x64.Build.0 = RelWithDebInfo|x64
	EndGlobalSection
	GlobalSection(ExtensibilityGlobals) = postSolution
		SolutionGuid = {A8000912-87F6-3ADD-B64C-B3191BD6008D}
	EndGlobalSection
	GlobalSection(ExtensibilityAddIns) = postSolution
	EndGlobalSection
EndGlobal
