<?xml version="1.0" encoding="utf-8"?>
<Project ToolsVersion="17.0" xmlns="http://schemas.microsoft.com/developer/msbuild/2003">
  <ItemGroup>
    <CustomBuild Include="C:\Users\xhs20\Desktop\code\c++\Option_pricing\build7\CMakeFiles\6524ae5b21c5133d3913defd6165decb\RUN_TESTS_force.rule">
      <Filter>CMake Rules</Filter>
    </CustomBuild>
  </ItemGroup>
  <ItemGroup>
    <Filter Include="CMake Rules">
      <UniqueIdentifier>{87CB9483-1BC5-319B-85E2-5CF36F42E846}</UniqueIdentifier>
    </Filter>
  </ItemGroup>
</Project>
