<?xml version="1.0" encoding="utf-8"?>
<Project ToolsVersion="17.0" xmlns="http://schemas.microsoft.com/developer/msbuild/2003">
  <ItemGroup>
    <CustomBuild Include="C:\Users\xhs20\Desktop\code\c++\Option_pricing\build2\CMakeFiles\3551d55da916eecb4188c40021a7ba2c\INSTALL_force.rule">
      <Filter>CMake Rules</Filter>
    </CustomBuild>
  </ItemGroup>
  <ItemGroup>
    <Filter Include="CMake Rules">
      <UniqueIdentifier>{B51A4F2A-F1FF-31C0-850F-7B383C7F7E9A}</UniqueIdentifier>
    </Filter>
  </ItemGroup>
</Project>
