
Microsoft Visual Studio Solution File, Format Version 12.00
# Visual Studio Version 17
Project("{8BC9CEB8-8B4A-11D0-8D11-00A0C91BC942}") = "ALL_BUILD", "ALL_BUILD.vcxproj", "{D04A4E9B-532B-36E7-8C73-42B4048D4E93}"
	ProjectSection(ProjectDependencies) = postProject
		{C737C6BE-FFF9-34E6-AA39-30C0C5C71598} = {C737C6BE-FFF9-34E6-AA39-30C0C5C71598}
		{EF3EBEF0-0974-3244-8F5A-BC158DFEF62F} = {EF3EBEF0-0974-3244-8F5A-BC158DFEF62F}
	EndProjectSection
EndProject
Project("{8BC9CEB8-8B4A-11D0-8D11-00A0C91BC942}") = "INSTALL", "INSTALL.vcxproj", "{35FA206D-FCEE-31EF-96FD-F9791F9C9D4C}"
	ProjectSection(ProjectDependencies) = postProject
		{D04A4E9B-532B-36E7-8C73-42B4048D4E93} = {D04A4E9B-532B-36E7-8C73-42B4048D4E93}
		{C737C6BE-FFF9-34E6-AA39-30C0C5C71598} = {C737C6BE-FFF9-34E6-AA39-30C0C5C71598}
	EndProjectSection
EndProject
Project("{8BC9CEB8-8B4A-11D0-8D11-00A0C91BC942}") = "ZERO_CHECK", "ZERO_CHECK.vcxproj", "{C737C6BE-FFF9-34E6-AA39-30C0C5C71598}"
	ProjectSection(ProjectDependencies) = postProject
	EndProjectSection
EndProject
Project("{8BC9CEB8-8B4A-11D0-8D11-00A0C91BC942}") = "option_pricer", "option_pricer.vcxproj", "{EF3EBEF0-0974-3244-8F5A-BC158DFEF62F}"
	ProjectSection(ProjectDependencies) = postProject
		{C737C6BE-FFF9-34E6-AA39-30C0C5C71598} = {C737C6BE-FFF9-34E6-AA39-30C0C5C71598}
	EndProjectSection
EndProject
Global
	GlobalSection(SolutionConfigurationPlatforms) = preSolution
		Debug|x64 = Debug|x64
		Release|x64 = Release|x64
		MinSizeRel|x64 = MinSizeRel|x64
		RelWithDebInfo|x64 = RelWithDebInfo|x64
	EndGlobalSection
	GlobalSection(ProjectConfigurationPlatforms) = postSolution
		{D04A4E9B-532B-36E7-8C73-42B4048D4E93}.Debug|x64.ActiveCfg = Debug|x64
		{D04A4E9B-532B-36E7-8C73-42B4048D4E93}.Debug|x64.Build.0 = Debug|x64
		{D04A4E9B-532B-36E7-8C73-42B4048D4E93}.Release|x64.ActiveCfg = Release|x64
		{D04A4E9B-532B-36E7-8C73-42B4048D4E93}.Release|x64.Build.0 = Release|x64
		{D04A4E9B-532B-36E7-8C73-42B4048D4E93}.MinSizeRel|x64.ActiveCfg = MinSizeRel|x64
		{D04A4E9B-532B-36E7-8C73-42B4048D4E93}.MinSizeRel|x64.Build.0 = MinSizeRel|x64
		{D04A4E9B-532B-36E7-8C73-42B4048D4E93}.RelWithDebInfo|x64.ActiveCfg = RelWithDebInfo|x64
		{D04A4E9B-532B-36E7-8C73-42B4048D4E93}.RelWithDebInfo|x64.Build.0 = RelWithDebInfo|x64
		{35FA206D-FCEE-31EF-96FD-F9791F9C9D4C}.Debug|x64.ActiveCfg = Debug|x64
		{35FA206D-FCEE-31EF-96FD-F9791F9C9D4C}.Release|x64.ActiveCfg = Release|x64
		{35FA206D-FCEE-31EF-96FD-F9791F9C9D4C}.MinSizeRel|x64.ActiveCfg = MinSizeRel|x64
		{35FA206D-FCEE-31EF-96FD-F9791F9C9D4C}.RelWithDebInfo|x64.ActiveCfg = RelWithDebInfo|x64
		{C737C6BE-FFF9-34E6-AA39-30C0C5C71598}.Debug|x64.ActiveCfg = Debug|x64
		{C737C6BE-FFF9-34E6-AA39-30C0C5C71598}.Debug|x64.Build.0 = Debug|x64
		{C737C6BE-FFF9-34E6-AA39-30C0C5C71598}.Release|x64.ActiveCfg = Release|x64
		{C737C6BE-FFF9-34E6-AA39-30C0C5C71598}.Release|x64.Build.0 = Release|x64
		{C737C6BE-FFF9-34E6-AA39-30C0C5C71598}.MinSizeRel|x64.ActiveCfg = MinSizeRel|x64
		{C737C6BE-FFF9-34E6-AA39-30C0C5C71598}.MinSizeRel|x64.Build.0 = MinSizeRel|x64
		{C737C6BE-FFF9-34E6-AA39-30C0C5C71598}.RelWithDebInfo|x64.ActiveCfg = RelWithDebInfo|x64
		{C737C6BE-FFF9-34E6-AA39-30C0C5C71598}.RelWithDebInfo|x64.Build.0 = RelWithDebInfo|x64
		{EF3EBEF0-0974-3244-8F5A-BC158DFEF62F}.Debug|x64.ActiveCfg = Debug|x64
		{EF3EBEF0-0974-3244-8F5A-BC158DFEF62F}.Debug|x64.Build.0 = Debug|x64
		{EF3EBEF0-0974-3244-8F5A-BC158DFEF62F}.Release|x64.ActiveCfg = Release|x64
		{EF3EBEF0-0974-3244-8F5A-BC158DFEF62F}.Release|x64.Build.0 = Release|x64
		{EF3EBEF0-0974-3244-8F5A-BC158DFEF62F}.MinSizeRel|x64.ActiveCfg = MinSizeRel|x64
		{EF3EBEF0-0974-3244-8F5A-BC158DFEF62F}.MinSizeRel|x64.Build.0 = MinSizeRel|x64
		{EF3EBEF0-0974-3244-8F5A-BC158DFEF62F}.RelWithDebInfo|x64.ActiveCfg = RelWithDebInfo|x64
		{EF3EBEF0-0974-3244-8F5A-BC158DFEF62F}.RelWithDebInfo|x64.Build.0 = RelWithDebInfo|x64
	EndGlobalSection
	GlobalSection(ExtensibilityGlobals) = postSolution
		SolutionGuid = {F17C01E7-1301-38A6-994E-7C75E066DC18}
	EndGlobalSection
	GlobalSection(ExtensibilityAddIns) = postSolution
	EndGlobalSection
EndGlobal
