
Microsoft Visual Studio Solution File, Format Version 12.00
# Visual Studio Version 17
Project("{8BC9CEB8-8B4A-11D0-8D11-00A0C91BC942}") = "ALL_BUILD", "ALL_BUILD.vcxproj", "{98567490-2B2A-3155-88BA-59C4E6156E31}"
	ProjectSection(ProjectDependencies) = postProject
		{12C0F123-1304-3ADF-8561-36EA7FC670F9} = {12C0F123-1304-3ADF-8561-36EA7FC670F9}
		{A04FD928-B7C2-311A-8733-A09291D34611} = {A04FD928-B7C2-311A-8733-A09291D34611}
		{074C5A7F-C3F6-3DD9-A68F-F164F24B378C} = {074C5A7F-C3F6-3DD9-A68F-F164F24B378C}
		{1B22B127-2FC8-3AC2-B324-65D868D7A151} = {1B22B127-2FC8-3AC2-B324-65D868D7A151}
		{11676D9A-45E1-3B53-850E-32957B6DAB23} = {11676D9A-45E1-3B53-850E-32957B6DAB23}
		{EE1AAB09-FF89-3310-9511-8550790FF139} = {EE1AAB09-FF89-3310-9511-8550790FF139}
		{F9465E18-E116-3177-92A0-B5CD0A5FCA34} = {F9465E18-E116-3177-92A0-B5CD0A5FCA34}
	EndProjectSection
EndProject
Project("{8BC9CEB8-8B4A-11D0-8D11-00A0C91BC942}") = "INSTALL", "INSTALL.vcxproj", "{56B1101A-CDA5-3E31-8081-8386F170442C}"
	ProjectSection(ProjectDependencies) = postProject
		{98567490-2B2A-3155-88BA-59C4E6156E31} = {98567490-2B2A-3155-88BA-59C4E6156E31}
		{12C0F123-1304-3ADF-8561-36EA7FC670F9} = {12C0F123-1304-3ADF-8561-36EA7FC670F9}
	EndProjectSection
EndProject
Project("{8BC9CEB8-8B4A-11D0-8D11-00A0C91BC942}") = "RUN_TESTS", "RUN_TESTS.vcxproj", "{47ECBF57-749C-32E0-9424-87F9706EE38F}"
	ProjectSection(ProjectDependencies) = postProject
		{12C0F123-1304-3ADF-8561-36EA7FC670F9} = {12C0F123-1304-3ADF-8561-36EA7FC670F9}
	EndProjectSection
EndProject
Project("{8BC9CEB8-8B4A-11D0-8D11-00A0C91BC942}") = "ZERO_CHECK", "ZERO_CHECK.vcxproj", "{12C0F123-1304-3ADF-8561-36EA7FC670F9}"
	ProjectSection(ProjectDependencies) = postProject
	EndProjectSection
EndProject
Project("{8BC9CEB8-8B4A-11D0-8D11-00A0C91BC942}") = "gmock", "_deps\googletest-build\googlemock\gmock.vcxproj", "{A04FD928-B7C2-311A-8733-A09291D34611}"
	ProjectSection(ProjectDependencies) = postProject
		{12C0F123-1304-3ADF-8561-36EA7FC670F9} = {12C0F123-1304-3ADF-8561-36EA7FC670F9}
	EndProjectSection
EndProject
Project("{8BC9CEB8-8B4A-11D0-8D11-00A0C91BC942}") = "gmock_main", "_deps\googletest-build\googlemock\gmock_main.vcxproj", "{074C5A7F-C3F6-3DD9-A68F-F164F24B378C}"
	ProjectSection(ProjectDependencies) = postProject
		{12C0F123-1304-3ADF-8561-36EA7FC670F9} = {12C0F123-1304-3ADF-8561-36EA7FC670F9}
	EndProjectSection
EndProject
Project("{8BC9CEB8-8B4A-11D0-8D11-00A0C91BC942}") = "gtest", "_deps\googletest-build\googletest\gtest.vcxproj", "{1B22B127-2FC8-3AC2-B324-65D868D7A151}"
	ProjectSection(ProjectDependencies) = postProject
		{12C0F123-1304-3ADF-8561-36EA7FC670F9} = {12C0F123-1304-3ADF-8561-36EA7FC670F9}
	EndProjectSection
EndProject
Project("{8BC9CEB8-8B4A-11D0-8D11-00A0C91BC942}") = "gtest_main", "_deps\googletest-build\googletest\gtest_main.vcxproj", "{11676D9A-45E1-3B53-850E-32957B6DAB23}"
	ProjectSection(ProjectDependencies) = postProject
		{12C0F123-1304-3ADF-8561-36EA7FC670F9} = {12C0F123-1304-3ADF-8561-36EA7FC670F9}
		{1B22B127-2FC8-3AC2-B324-65D868D7A151} = {1B22B127-2FC8-3AC2-B324-65D868D7A151}
	EndProjectSection
EndProject
Project("{8BC9CEB8-8B4A-11D0-8D11-00A0C91BC942}") = "option_pricer", "option_pricer.vcxproj", "{EE1AAB09-FF89-3310-9511-8550790FF139}"
	ProjectSection(ProjectDependencies) = postProject
		{12C0F123-1304-3ADF-8561-36EA7FC670F9} = {12C0F123-1304-3ADF-8561-36EA7FC670F9}
	EndProjectSection
EndProject
Project("{8BC9CEB8-8B4A-11D0-8D11-00A0C91BC942}") = "option_pricer_tests", "option_pricer_tests.vcxproj", "{F9465E18-E116-3177-92A0-B5CD0A5FCA34}"
	ProjectSection(ProjectDependencies) = postProject
		{12C0F123-1304-3ADF-8561-36EA7FC670F9} = {12C0F123-1304-3ADF-8561-36EA7FC670F9}
		{1B22B127-2FC8-3AC2-B324-65D868D7A151} = {1B22B127-2FC8-3AC2-B324-65D868D7A151}
		{11676D9A-45E1-3B53-850E-32957B6DAB23} = {11676D9A-45E1-3B53-850E-32957B6DAB23}
	EndProjectSection
EndProject
Global
	GlobalSection(SolutionConfigurationPlatforms) = preSolution
		Debug|x64 = Debug|x64
		Release|x64 = Release|x64
		MinSizeRel|x64 = MinSizeRel|x64
		RelWithDebInfo|x64 = RelWithDebInfo|x64
	EndGlobalSection
	GlobalSection(ProjectConfigurationPlatforms) = postSolution
		{98567490-2B2A-3155-88BA-59C4E6156E31}.Debug|x64.ActiveCfg = Debug|x64
		{98567490-2B2A-3155-88BA-59C4E6156E31}.Debug|x64.Build.0 = Debug|x64
		{98567490-2B2A-3155-88BA-59C4E6156E31}.Release|x64.ActiveCfg = Release|x64
		{98567490-2B2A-3155-88BA-59C4E6156E31}.Release|x64.Build.0 = Release|x64
		{98567490-2B2A-3155-88BA-59C4E6156E31}.MinSizeRel|x64.ActiveCfg = MinSizeRel|x64
		{98567490-2B2A-3155-88BA-59C4E6156E31}.MinSizeRel|x64.Build.0 = MinSizeRel|x64
		{98567490-2B2A-3155-88BA-59C4E6156E31}.RelWithDebInfo|x64.ActiveCfg = RelWithDebInfo|x64
		{98567490-2B2A-3155-88BA-59C4E6156E31}.RelWithDebInfo|x64.Build.0 = RelWithDebInfo|x64
		{56B1101A-CDA5-3E31-8081-8386F170442C}.Debug|x64.ActiveCfg = Debug|x64
		{56B1101A-CDA5-3E31-8081-8386F170442C}.Release|x64.ActiveCfg = Release|x64
		{56B1101A-CDA5-3E31-8081-8386F170442C}.MinSizeRel|x64.ActiveCfg = MinSizeRel|x64
		{56B1101A-CDA5-3E31-8081-8386F170442C}.RelWithDebInfo|x64.ActiveCfg = RelWithDebInfo|x64
		{47ECBF57-749C-32E0-9424-87F9706EE38F}.Debug|x64.ActiveCfg = Debug|x64
		{47ECBF57-749C-32E0-9424-87F9706EE38F}.Release|x64.ActiveCfg = Release|x64
		{47ECBF57-749C-32E0-9424-87F9706EE38F}.MinSizeRel|x64.ActiveCfg = MinSizeRel|x64
		{47ECBF57-749C-32E0-9424-87F9706EE38F}.RelWithDebInfo|x64.ActiveCfg = RelWithDebInfo|x64
		{12C0F123-1304-3ADF-8561-36EA7FC670F9}.Debug|x64.ActiveCfg = Debug|x64
		{12C0F123-1304-3ADF-8561-36EA7FC670F9}.Debug|x64.Build.0 = Debug|x64
		{12C0F123-1304-3ADF-8561-36EA7FC670F9}.Release|x64.ActiveCfg = Release|x64
		{12C0F123-1304-3ADF-8561-36EA7FC670F9}.Release|x64.Build.0 = Release|x64
		{12C0F123-1304-3ADF-8561-36EA7FC670F9}.MinSizeRel|x64.ActiveCfg = MinSizeRel|x64
		{12C0F123-1304-3ADF-8561-36EA7FC670F9}.MinSizeRel|x64.Build.0 = MinSizeRel|x64
		{12C0F123-1304-3ADF-8561-36EA7FC670F9}.RelWithDebInfo|x64.ActiveCfg = RelWithDebInfo|x64
		{12C0F123-1304-3ADF-8561-36EA7FC670F9}.RelWithDebInfo|x64.Build.0 = RelWithDebInfo|x64
		{A04FD928-B7C2-311A-8733-A09291D34611}.Debug|x64.ActiveCfg = Debug|x64
		{A04FD928-B7C2-311A-8733-A09291D34611}.Debug|x64.Build.0 = Debug|x64
		{A04FD928-B7C2-311A-8733-A09291D34611}.Release|x64.ActiveCfg = Release|x64
		{A04FD928-B7C2-311A-8733-A09291D34611}.Release|x64.Build.0 = Release|x64
		{A04FD928-B7C2-311A-8733-A09291D34611}.MinSizeRel|x64.ActiveCfg = MinSizeRel|x64
		{A04FD928-B7C2-311A-8733-A09291D34611}.MinSizeRel|x64.Build.0 = MinSizeRel|x64
		{A04FD928-B7C2-311A-8733-A09291D34611}.RelWithDebInfo|x64.ActiveCfg = RelWithDebInfo|x64
		{A04FD928-B7C2-311A-8733-A09291D34611}.RelWithDebInfo|x64.Build.0 = RelWithDebInfo|x64
		{074C5A7F-C3F6-3DD9-A68F-F164F24B378C}.Debug|x64.ActiveCfg = Debug|x64
		{074C5A7F-C3F6-3DD9-A68F-F164F24B378C}.Debug|x64.Build.0 = Debug|x64
		{074C5A7F-C3F6-3DD9-A68F-F164F24B378C}.Release|x64.ActiveCfg = Release|x64
		{074C5A7F-C3F6-3DD9-A68F-F164F24B378C}.Release|x64.Build.0 = Release|x64
		{074C5A7F-C3F6-3DD9-A68F-F164F24B378C}.MinSizeRel|x64.ActiveCfg = MinSizeRel|x64
		{074C5A7F-C3F6-3DD9-A68F-F164F24B378C}.MinSizeRel|x64.Build.0 = MinSizeRel|x64
		{074C5A7F-C3F6-3DD9-A68F-F164F24B378C}.RelWithDebInfo|x64.ActiveCfg = RelWithDebInfo|x64
		{074C5A7F-C3F6-3DD9-A68F-F164F24B378C}.RelWithDebInfo|x64.Build.0 = RelWithDebInfo|x64
		{1B22B127-2FC8-3AC2-B324-65D868D7A151}.Debug|x64.ActiveCfg = Debug|x64
		{1B22B127-2FC8-3AC2-B324-65D868D7A151}.Debug|x64.Build.0 = Debug|x64
		{1B22B127-2FC8-3AC2-B324-65D868D7A151}.Release|x64.ActiveCfg = Release|x64
		{1B22B127-2FC8-3AC2-B324-65D868D7A151}.Release|x64.Build.0 = Release|x64
		{1B22B127-2FC8-3AC2-B324-65D868D7A151}.MinSizeRel|x64.ActiveCfg = MinSizeRel|x64
		{1B22B127-2FC8-3AC2-B324-65D868D7A151}.MinSizeRel|x64.Build.0 = MinSizeRel|x64
		{1B22B127-2FC8-3AC2-B324-65D868D7A151}.RelWithDebInfo|x64.ActiveCfg = RelWithDebInfo|x64
		{1B22B127-2FC8-3AC2-B324-65D868D7A151}.RelWithDebInfo|x64.Build.0 = RelWithDebInfo|x64
		{11676D9A-45E1-3B53-850E-32957B6DAB23}.Debug|x64.ActiveCfg = Debug|x64
		{11676D9A-45E1-3B53-850E-32957B6DAB23}.Debug|x64.Build.0 = Debug|x64
		{11676D9A-45E1-3B53-850E-32957B6DAB23}.Release|x64.ActiveCfg = Release|x64
		{11676D9A-45E1-3B53-850E-32957B6DAB23}.Release|x64.Build.0 = Release|x64
		{11676D9A-45E1-3B53-850E-32957B6DAB23}.MinSizeRel|x64.ActiveCfg = MinSizeRel|x64
		{11676D9A-45E1-3B53-850E-32957B6DAB23}.MinSizeRel|x64.Build.0 = MinSizeRel|x64
		{11676D9A-45E1-3B53-850E-32957B6DAB23}.RelWithDebInfo|x64.ActiveCfg = RelWithDebInfo|x64
		{11676D9A-45E1-3B53-850E-32957B6DAB23}.RelWithDebInfo|x64.Build.0 = RelWithDebInfo|x64
		{EE1AAB09-FF89-3310-9511-8550790FF139}.Debug|x64.ActiveCfg = Debug|x64
		{EE1AAB09-FF89-3310-9511-8550790FF139}.Debug|x64.Build.0 = Debug|x64
		{EE1AAB09-FF89-3310-9511-8550790FF139}.Release|x64.ActiveCfg = Release|x64
		{EE1AAB09-FF89-3310-9511-8550790FF139}.Release|x64.Build.0 = Release|x64
		{EE1AAB09-FF89-3310-9511-8550790FF139}.MinSizeRel|x64.ActiveCfg = MinSizeRel|x64
		{EE1AAB09-FF89-3310-9511-8550790FF139}.MinSizeRel|x64.Build.0 = MinSizeRel|x64
		{EE1AAB09-FF89-3310-9511-8550790FF139}.RelWithDebInfo|x64.ActiveCfg = RelWithDebInfo|x64
		{EE1AAB09-FF89-3310-9511-8550790FF139}.RelWithDebInfo|x64.Build.0 = RelWithDebInfo|x64
		{F9465E18-E116-3177-92A0-B5CD0A5FCA34}.Debug|x64.ActiveCfg = Debug|x64
		{F9465E18-E116-3177-92A0-B5CD0A5FCA34}.Debug|x64.Build.0 = Debug|x64
		{F9465E18-E116-3177-92A0-B5CD0A5FCA34}.Release|x64.ActiveCfg = Release|x64
		{F9465E18-E116-3177-92A0-B5CD0A5FCA34}.Release|x64.Build.0 = Release|x64
		{F9465E18-E116-3177-92A0-B5CD0A5FCA34}.MinSizeRel|x64.ActiveCfg = MinSizeRel|x64
		{F9465E18-E116-3177-92A0-B5CD0A5FCA34}.MinSizeRel|x64.Build.0 = MinSizeRel|x64
		{F9465E18-E116-3177-92A0-B5CD0A5FCA34}.RelWithDebInfo|x64.ActiveCfg = RelWithDebInfo|x64
		{F9465E18-E116-3177-92A0-B5CD0A5FCA34}.RelWithDebInfo|x64.Build.0 = RelWithDebInfo|x64
	EndGlobalSection
	GlobalSection(ExtensibilityGlobals) = postSolution
		SolutionGuid = {80331B5F-A254-3FA1-826E-6122692E768D}
	EndGlobalSection
	GlobalSection(ExtensibilityAddIns) = postSolution
	EndGlobalSection
EndGlobal
